<?xml version="1.0" encoding="utf-8"?>
<Project ToolsVersion="4.0" xmlns="http://schemas.microsoft.com/developer/msbuild/2003">
  <ItemGroup>
    <Filter Include="Source Files">
      <UniqueIdentifier>{4FC737F1-C7A5-4376-A066-2A32D752A2FF}</UniqueIdentifier>
      <Extensions>cpp;c;cc;cxx;def;odl;idl;hpj;bat;asm;asmx</Extensions>
    </Filter>
    <Filter Include="Header Files">
      <UniqueIdentifier>{93995380-89BD-4b04-88EB-625FBE52EBFB}</UniqueIdentifier>
      <Extensions>h;hh;hpp;hxx;hm;inl;inc;xsd</Extensions>
    </Filter>
    <Filter Include="Resource Files">
      <UniqueIdentifier>{67DA6AB6-F800-4c08-8B7A-83BB121AAD01}</UniqueIdentifier>
      <Extensions>rc;ico;cur;bmp;dlg;rc2;rct;bin;rgs;gif;jpg;jpeg;jpe;resx;tiff;tif;png;wav</Extensions>
    </Filter>
  </ItemGroup>
  <ItemGroup>
    <ClCompile Include="main.cpp">
      <Filter>Source Files</Filter>
    </ClCompile>
    <ClCompile Include="volume.cpp">
      <Filter>Source Files</Filter>
    </ClCompile>
    <ClCompile Include="vector.cpp">
      <Filter>Source Files</Filter>
    </ClCompile>
    <ClCompile Include="utils.cpp">
      <Filter>Source Files</Filter>
    </ClCompile>
    <ClCompile Include="framebuffer.cpp">
      <Filter>Source Files</Filter>
    </ClCompile>
    <ClCompile Include="texture3d.cpp">
      <Filter>Source Files</Filter>
    </ClCompile>
    <ClCompile Include="hosek\ArHosekSkyModel.cpp">
      <Filter>Resource Files</Filter>
    </ClCompile>
    <ClCompile Include="timer.cpp">
      <Filter>Source Files</Filter>
    </ClCompile>
  </ItemGroup>
  <ItemGroup>
    <ClInclude Include="volume.hpp">
      <Filter>Source Files</Filter>
    </ClInclude>
    <ClInclude Include="vector.hpp">
      <Filter>Source Files</Filter>
    </ClInclude>
    <ClInclude Include="constants.hpp">
      <Filter>Source Files</Filter>
    </ClInclude>
    <ClInclude Include="utils.hpp">
      <Filter>Source Files</Filter>
    </ClInclude>
    <ClInclude Include="framebuffer.hpp">
      <Filter>Source Files</Filter>
    </ClInclude>
    <ClInclude Include="light.hpp">
      <Filter>Source Files</Filter>
    </ClInclude>
    <ClInclude Include="texture3d.hpp">
      <Filter>Source Files</Filter>
    </ClInclude>
    <ClInclude Include="ray.hpp">
      <Filter>Source Files</Filter>
    </ClInclude>
    <ClInclude Include="scene.hpp">
      <Filter>Source Files</Filter>
    </ClInclude>
    <ClInclude Include="camera.hpp">
      <Filter>Source Files</Filter>
    </ClInclude>
    <ClInclude Include="fractal.hpp">
      <Filter>Source Files</Filter>
    </ClInclude>
    <ClInclude Include="medium.hpp">
      <Filter>Source Files</Filter>
    </ClInclude>
    <ClInclude Include="skydome.hpp">
      <Filter>Source Files</Filter>
    </ClInclude>
    <ClInclude Include="volpath_multichannel.hpp">
      <Filter>Source Files</Filter>
    </ClInclude>
    <ClInclude Include="volpath.hpp">
      <Filter>Source Files</Filter>
    </ClInclude>
    <ClInclude Include="volpath_cloud.hpp">
      <Filter>Source Files</Filter>
    </ClInclude>
    <ClInclude Include="timer.hpp">
      <Filter>Source Files</Filter>
    </ClInclude>
    <ClInclude Include="hosek\ArHosekSkyModel.hpp">
      <Filter>Header Files</Filter>
    </ClInclude>
    <ClInclude Include="hosek\ArHosekSkyModelData_CIEXYZ.hpp">
      <Filter>Header Files</Filter>
    </ClInclude>
    <ClInclude Include="hosek\ArHosekSkyModelData_RGB.hpp">
      <Filter>Header Files</Filter>
    </ClInclude>
    <ClInclude Include="hosek\ArHosekSkyModelData_Spectral.hpp">
      <Filter>Header Files</Filter>
    </ClInclude>
  </ItemGroup>
</Project>